{
  "name": "static",
  "version": "1.0.0",
  "lockfileVersion": 1,
  "requires": true,
  "dependencies": {
    "@yaireo/tagify": {
      "version": "4.16.4",
      "resolved": "https://registry.npmjs.org/@yaireo/tagify/-/tagify-4.16.4.tgz",
      "integrity": "sha512-7x13aVfYPGUUMXWkV11/Zw4w1RkkTWtaO/rEAkaOFNwGIFXDBeG5Wr4gWF6JSHXLZAreS53nHq6b6mJrtpUgYA=="
    }
  }
}
